
Microsoft Visual Studio Solution File, Format Version 12.00
# Visual Studio 14
VisualStudioVersion = 14.0.25123.0
MinimumVisualStudioVersion = 10.0.40219.1
Project("{8BC9CEB8-8B4A-11D0-8D11-00A0C91BC942}") = "SeminarHW4-zadacha2", "SeminarHW4-zadacha2\SeminarHW4-zadacha2.vcxproj", "{A17B476B-6AA4-4238-AFF8-C33AD7302A10}"
EndProject
Global
	GlobalSection(SolutionConfigurationPlatforms) = preSolution
		Debug|x64 = Debug|x64
		Debug|x86 = Debug|x86
		Release|x64 = Release|x64
		Release|x86 = Release|x86
	EndGlobalSection
	GlobalSection(ProjectConfigurationPlatforms) = postSolution
		{A17B476B-6AA4-4238-AFF8-C33AD7302A10}.Debug|x64.ActiveCfg = Debug|x64
		{A17B476B-6AA4-4238-AFF8-C33AD7302A10}.Debug|x64.Build.0 = Debug|x64
		{A17B476B-6AA4-4238-AFF8-C33AD7302A10}.Debug|x86.ActiveCfg = Debug|Win32
		{A17B476B-6AA4-4238-AFF8-C33AD7302A10}.Debug|x86.Build.0 = Debug|Win32
		{A17B476B-6AA4-4238-AFF8-C33AD7302A10}.Release|x64.ActiveCfg = Release|x64
		{A17B476B-6AA4-4238-AFF8-C33AD7302A10}.Release|x64.Build.0 = Release|x64
		{A17B476B-6AA4-4238-AFF8-C33AD7302A10}.Release|x86.ActiveCfg = Release|Win32
		{A17B476B-6AA4-4238-AFF8-C33AD7302A10}.Release|x86.Build.0 = Release|Win32
	EndGlobalSection
	GlobalSection(SolutionProperties) = preSolution
		HideSolutionNode = FALSE
	EndGlobalSection
EndGlobal
