
Microsoft Visual Studio Solution File, Format Version 12.00
# Visual Studio 14
VisualStudioVersion = 14.0.25123.0
MinimumVisualStudioVersion = 10.0.40219.1
Project("{FAE04EC0-301F-11D3-BF4B-00C04F79EFBC}") = "DefiningClassesPart1", "DefiningClassesPart1\DefiningClassesPart1.csproj", "{9AE4CE92-B847-4DE9-AA70-B01854ED1457}"
EndProject
Project("{FAE04EC0-301F-11D3-BF4B-00C04F79EFBC}") = "ClassLibrary1", "ClassLibrary1\ClassLibrary1.csproj", "{25B21D57-9E9A-494A-91C5-20EAD28F0CBB}"
EndProject
Global
	GlobalSection(SolutionConfigurationPlatforms) = preSolution
		Debug|Any CPU = Debug|Any CPU
		Release|Any CPU = Release|Any CPU
	EndGlobalSection
	GlobalSection(ProjectConfigurationPlatforms) = postSolution
		{9AE4CE92-B847-4DE9-AA70-B01854ED1457}.Debug|Any CPU.ActiveCfg = Debug|Any CPU
		{9AE4CE92-B847-4DE9-AA70-B01854ED1457}.Debug|Any CPU.Build.0 = Debug|Any CPU
		{9AE4CE92-B847-4DE9-AA70-B01854ED1457}.Release|Any CPU.ActiveCfg = Release|Any CPU
		{9AE4CE92-B847-4DE9-AA70-B01854ED1457}.Release|Any CPU.Build.0 = Release|Any CPU
		{25B21D57-9E9A-494A-91C5-20EAD28F0CBB}.Debug|Any CPU.ActiveCfg = Debug|Any CPU
		{25B21D57-9E9A-494A-91C5-20EAD28F0CBB}.Debug|Any CPU.Build.0 = Debug|Any CPU
		{25B21D57-9E9A-494A-91C5-20EAD28F0CBB}.Release|Any CPU.ActiveCfg = Release|Any CPU
		{25B21D57-9E9A-494A-91C5-20EAD28F0CBB}.Release|Any CPU.Build.0 = Release|Any CPU
	EndGlobalSection
	GlobalSection(SolutionProperties) = preSolution
		HideSolutionNode = FALSE
	EndGlobalSection
EndGlobal
